// !$*UTF8*$!
{
	archiveVersion = 1;
	classes = {
	};
	objectVersion = 46;
	objects = {

/* Begin PBXBuildFile section */
		AF9025031E08BB44007DA525 /* AppDelegate.swift in Sources */ = {isa = PBXBuildFile; fileRef = AF9025021E08BB44007DA525 /* AppDelegate.swift */; };
		AF9025051E08BB44007DA525 /* ViewController.swift in Sources */ = {isa = PBXBuildFile; fileRef = AF9025041E08BB44007DA525 /* ViewController.swift */; };
		AF9025081E08BB44007DA525 /* Main.storyboard in Resources */ = {isa = PBXBuildFile; fileRef = AF9025061E08BB44007DA525 /* Main.storyboard */; };
		AF90250A1E08BB44007DA525 /* Assets.xcassets in Resources */ = {isa = PBXBuildFile; fileRef = AF9025091E08BB44007DA525 /* Assets.xcassets */; };
		AF90250D1E08BB44007DA525 /* LaunchScreen.storyboard in Resources */ = {isa = PBXBuildFile; fileRef = AF90250B1E08BB44007DA525 /* LaunchScreen.storyboard */; };
/* End PBXBuildFile section */

/* Begin PBXFileReference section */
		AF9024FF1E08BB44007DA525 /* DefteriList.app */ = {isa = PBXFileReference; explicitFileType = wrapper.application; includeInIndex = 0; path = DefteriList.app; sourceTree = BUILT_PRODUCTS_DIR; };
		AF9025021E08BB44007DA525 /* AppDelegate.swift */ = {isa = PBXFileReference; lastKnownFileType = sourcecode.swift; path = AppDelegate.swift; sourceTree = "<group>"; };
		AF9025041E08BB44007DA525 /* ViewController.swift */ = {isa = PBXFileReference; lastKnownFileType = sourcecode.swift; path = ViewController.swift; sourceTree = "<group>"; };
		AF9025071E08BB44007DA525 /* Base */ = {isa = PBXFileReference; lastKnownFileType = file.storyboard; name = Base; path = Base.lproj/Main.storyboard; sourceTree = "<group>"; };
		AF9025091E08BB44007DA525 /* Assets.xcassets */ = {isa = PBXFileReference; lastKnownFileType = folder.assetcatalog; path = Assets.xcassets; sourceTree = "<group>"; };
		AF90250C1E08BB44007DA525 /* Base */ = {isa = PBXFileReference; lastKnownFileType = file.storyboard; name = Base; path = Base.lproj/LaunchScreen.storyboard; sourceTree = "<group>"; };
		AF90250E1E08BB44007DA525 /* Info.plist */ = {isa = PBXFileReference; lastKnownFileType = text.plist.xml; path = Info.plist; sourceTree = "<group>"; };
/* End PBXFileReference section */

/* Begin PBXFrameworksBuildPhase section */
		AF9024FC1E08BB44007DA525 /* Frameworks */ = {
			isa = PBXFrameworksBuildPhase;
			buildActionMask = 2147483647;
			files = (
			);
			runOnlyForDeploymentPostprocessing = 0;
		};
/* End PBXFrameworksBuildPhase section */

/* Begin PBXGroup section */
		AF9024F61E08BB44007DA525 = {
			isa = PBXGroup;
			children = (
				AF9025011E08BB44007DA525 /* DefteriList */,
				AF9025001E08BB44007DA525 /* Products */,
			);
			sourceTree = "<group>";
		};
		AF9025001E08BB44007DA525 /* Products */ = {
			isa = PBXGroup;
			children = (
				AF9024FF1E08BB44007DA525 /* DefteriList.app */,
			);
			name = Products;
			sourceTree = "<group>";
		};
		AF9025011E08BB44007DA525 /* DefteriList */ = {
			isa = PBXGroup;
			children = (
				AF9025021E08BB44007DA525 /* AppDelegate.swift */,
				AF9025041E08BB44007DA525 /* ViewController.swift */,
				AF9025061E08BB44007DA525 /* Main.storyboard */,
				AF9025091E08BB44007DA525 /* Assets.xcassets */,
				AF90250B1E08BB44007DA525 /* LaunchScreen.storyboard */,
				AF90250E1E08BB44007DA525 /* Info.plist */,
			);
			path = DefteriList;
			sourceTree = "<group>";
		};
/* End PBXGroup section */

/* Begin PBXNativeTarget section */
		AF9024FE1E08BB44007DA525 /* DefteriList */ = {
			isa = PBXNativeTarget;
			buildConfigurationList = AF9025111E08BB44007DA525 /* Build configuration list for PBXNativeTarget "DefteriList" */;
			buildPhases = (
				AF9024FB1E08BB44007DA525 /* Sources */,
				AF9024FC1E08BB44007DA525 /* Frameworks */,
				AF9024FD1E08BB44007DA525 /* Resources */,
			);
			buildRules = (
			);
			dependencies = (
			);
			name = DefteriList;
			productName = DefteriList;
			productReference = AF9024FF1E08BB44007DA525 /* DefteriList.app */;
			productType = "com.apple.product-type.application";
		};
/* End PBXNativeTarget section */

/* Begin PBXProject section */
		AF9024F71E08BB44007DA525 /* Project object */ = {
			isa = PBXProject;
			attributes = {
				LastSwiftUpdateCheck = 0820;
				LastUpgradeCheck = 0820;
				ORGANIZATIONNAME = "Abdelrahman Mohamed";
				TargetAttributes = {
					AF9024FE1E08BB44007DA525 = {
						CreatedOnToolsVersion = 8.2;
						DevelopmentTeam = 6KNM32Y4FM;
						ProvisioningStyle = Automatic;
					};
				};
			};
			buildConfigurationList = AF9024FA1E08BB44007DA525 /* Build configuration list for PBXProject "DefteriList" */;
			compatibilityVersion = "Xcode 3.2";
			developmentRegion = English;
			hasScannedForEncodings = 0;
			knownRegions = (
				en,
				Base,
			);
			mainGroup = AF9024F61E08BB44007DA525;
			productRefGroup = AF9025001E08BB44007DA525 /* Products */;
			projectDirPath = "";
			projectRoot = "";
			targets = (
				AF9024FE1E08BB44007DA525 /* DefteriList */,
			);
		};
/* End PBXProject section */

/* Begin PBXResourcesBuildPhase section */
		AF9024FD1E08BB44007DA525 /* Resources */ = {
			isa = PBXResourcesBuildPhase;
			buildActionMask = 2147483647;
			files = (
				AF90250D1E08BB44007DA525 /* LaunchScreen.storyboard in Resources */,
				AF90250A1E08BB44007DA525 /* Assets.xcassets in Resources */,
				AF9025081E08BB44007DA525 /* Main.storyboard in Resources */,
			);
			runOnlyForDeploymentPostprocessing = 0;
		};
/* End PBXResourcesBuildPhase section */

/* Begin PBXSourcesBuildPhase section */
		AF9024FB1E08BB44007DA525 /* Sources */ = {
			isa = PBXSourcesBuildPhase;
			buildActionMask = 2147483647;
			files = (
				AF9025051E08BB44007DA525 /* ViewController.swift in Sources */,
				AF9025031E08BB44007DA525 /* AppDelegate.swift in Sources */,
			);
			runOnlyForDeploymentPostprocessing = 0;
		};
/* End PBXSourcesBuildPhase section */

/* Begin PBXVariantGroup section */
		AF9025061E08BB44007DA525 /* Main.storyboard */ = {
			isa = PBXVariantGroup;
			children = (
				AF9025071E08BB44007DA525 /* Base */,
			);
			name = Main.storyboard;
			sourceTree = "<group>";
		};
		AF90250B1E08BB44007DA525 /* LaunchScreen.storyboard */ = {
			isa = PBXVariantGroup;
			children = (
				AF90250C1E08BB44007DA525 /* Base */,
			);
			name = LaunchScreen.storyboard;
			sourceTree = "<group>";
		};
/* End PBXVariantGroup section */

/* Begin XCBuildConfiguration section */
		AF90250F1E08BB44007DA525 /* Debug */ = {
			isa = XCBuildConfiguration;
			buildSettings = {
				ALWAYS_SEARCH_USER_PATHS = NO;
				CLANG_ANALYZER_NONNULL = YES;
				CLANG_CXX_LANGUAGE_STANDARD = "gnu++0x";
				CLANG_CXX_LIBRARY = "libc++";
				CLANG_ENABLE_MODULES = YES;
				CLANG_ENABLE_OBJC_ARC = YES;
				CLANG_WARN_BOOL_CONVERSION = YES;
				CLANG_WARN_CONSTANT_CONVERSION = YES;
				CLANG_WARN_DIRECT_OBJC_ISA_USAGE = YES_ERROR;
				CLANG_WARN_DOCUMENTATION_COMMENTS = YES;
				CLANG_WARN_EMPTY_BODY = YES;
				CLANG_WARN_ENUM_CONVERSION = YES;
				CLANG_WARN_INFINITE_RECURSION = YES;
				CLANG_WARN_INT_CONVERSION = YES;
				CLANG_WARN_OBJC_ROOT_CLASS = YES_ERROR;
				CLANG_WARN_SUSPICIOUS_MOVE = YES;
				CLANG_WARN_UNREACHABLE_CODE = YES;
				CLANG_WARN__DUPLICATE_METHOD_MATCH = YES;
				"CODE_SIGN_IDENTITY[sdk=iphoneos*]" = "iPhone Developer";
				COPY_PHASE_STRIP = NO;
				DEBUG_INFORMATION_FORMAT = dwarf;
				ENABLE_STRICT_OBJC_MSGSEND = YES;
				ENABLE_TESTABILITY = YES;
				GCC_C_LANGUAGE_STANDARD = gnu99;
				GCC_DYNAMIC_NO_PIC = NO;
				GCC_NO_COMMON_BLOCKS = YES;
				GCC_OPTIMIZATION_LEVEL = 0;
				GCC_PREPROCESSOR_DEFINITIONS = (
					"DEBUG=1",
					"$(inherited)",
				);
				GCC_WARN_64_TO_32_BIT_CONVERSION = YES;
				GCC_WARN_ABOUT_RETURN_TYPE = YES_ERROR;
				GCC_WARN_UNDECLARED_SELECTOR = YES;
				GCC_WARN_UNINITIALIZED_AUTOS = YES_AGGRESSIVE;
				GCC_WARN_UNUSED_FUNCTION = YES;
				GCC_WARN_UNUSED_VARIABLE = YES;
				IPHONEOS_DEPLOYMENT_TARGET = 10.2;
				MTL_ENABLE_DEBUG_INFO = YES;
				ONLY_ACTIVE_ARCH = YES;
				SDKROOT = iphoneos;
				SWIFT_ACTIVE_COMPILATION_CONDITIONS = DEBUG;
				SWIFT_OPTIMIZATION_LEVEL = "-Onone";
			};
			name = Debug;
		};
		AF9025101E08BB44007DA525 /* Release */ = {
			isa = XCBuildConfiguration;
			buildSettings = {
				ALWAYS_SEARCH_USER_PATHS = NO;
				CLANG_ANALYZER_NONNULL = YES;
				CLANG_CXX_LANGUAGE_STANDARD = "gnu++0x";
				CLANG_CXX_LIBRARY = "libc++";
				CLANG_ENABLE_MODULES = YES;
				CLANG_ENABLE_OBJC_ARC = YES;
				CLANG_WARN_BOOL_CONVERSION = YES;
				CLANG_WARN_CONSTANT_CONVERSION = YES;
				CLANG_WARN_DIRECT_OBJC_ISA_USAGE = YES_ERROR;
				CLANG_WARN_DOCUMENTATION_COMMENTS = YES;
				CLANG_WARN_EMPTY_BODY = YES;
				CLANG_WARN_ENUM_CONVERSION = YES;
				CLANG_WARN_INFINITE_RECURSION = YES;
				CLANG_WARN_INT_CONVERSION = YES;
				CLANG_WARN_OBJC_ROOT_CLASS = YES_ERROR;
				CLANG_WARN_SUSPICIOUS_MOVE = YES;
				CLANG_WARN_UNREACHABLE_CODE = YES;
				CLANG_WARN__DUPLICATE_METHOD_MATCH = YES;
				"CODE_SIGN_IDENTITY[sdk=iphoneos*]" = "iPhone Developer";
				COPY_PHASE_STRIP = NO;
				DEBUG_INFORMATION_FORMAT = "dwarf-with-dsym";
				ENABLE_NS_ASSERTIONS = NO;
				ENABLE_STRICT_OBJC_MSGSEND = YES;
				GCC_C_LANGUAGE_STANDARD = gnu99;
				GCC_NO_COMMON_BLOCKS = YES;
				GCC_WARN_64_TO_32_BIT_CONVERSION = YES;
				GCC_WARN_ABOUT_RETURN_TYPE = YES_ERROR;
				GCC_WARN_UNDECLARED_SELECTOR = YES;
				GCC_WARN_UNINITIALIZED_AUTOS = YES_AGGRESSIVE;
				GCC_WARN_UNUSED_FUNCTION = YES;
				GCC_WARN_UNUSED_VARIABLE = YES;
				IPHONEOS_DEPLOYMENT_TARGET = 10.2;
				MTL_ENABLE_DEBUG_INFO = NO;
				SDKROOT = iphoneos;
				SWIFT_OPTIMIZATION_LEVEL = "-Owholemodule";
				VALIDATE_PRODUCT = YES;
			};
			name = Release;
		};
		AF9025121E08BB44007DA525 /* Debug */ = {
			isa = XCBuildConfiguration;
			buildSettings = {
				ASSETCATALOG_COMPILER_APPICON_NAME = AppIcon;
				DEVELOPMENT_TEAM = 6KNM32Y4FM;
				INFOPLIST_FILE = DefteriList/Info.plist;
				LD_RUNPATH_SEARCH_PATHS = "$(inherited) @executable_path/Frameworks";
				PRODUCT_BUNDLE_IDENTIFIER = com.xproject.DefteriList;
				PRODUCT_NAME = "$(TARGET_NAME)";
				SWIFT_VERSION = 3.0;
			};
			name = Debug;
		};
		AF9025131E08BB44007DA525 /* Release */ = {
			isa = XCBuildConfiguration;
			buildSettings = {
				ASSETCATALOG_COMPILER_APPICON_NAME = AppIcon;
				DEVELOPMENT_TEAM = 6KNM32Y4FM;
				INFOPLIST_FILE = DefteriList/Info.plist;
				LD_RUNPATH_SEARCH_PATHS = "$(inherited) @executable_path/Frameworks";
				PRODUCT_BUNDLE_IDENTIFIER = com.xproject.DefteriList;
				PRODUCT_NAME = "$(TARGET_NAME)";
				SWIFT_VERSION = 3.0;
			};
			name = Release;
		};
/* End XCBuildConfiguration section */

/* Begin XCConfigurationList section */
		AF9024FA1E08BB44007DA525 /* Build configuration list for PBXProject "DefteriList" */ = {
			isa = XCConfigurationList;
			buildConfigurations = (
				AF90250F1E08BB44007DA525 /* Debug */,
				AF9025101E08BB44007DA525 /* Release */,
			);
			defaultConfigurationIsVisible = 0;
			defaultConfigurationName = Release;
		};
		AF9025111E08BB44007DA525 /* Build configuration list for PBXNativeTarget "DefteriList" */ = {
			isa = XCConfigurationList;
			buildConfigurations = (
				AF9025121E08BB44007DA525 /* Debug */,
				AF9025131E08BB44007DA525 /* Release */,
			);
			defaultConfigurationIsVisible = 0;
		};
/* End XCConfigurationList section */
	};
	rootObject = AF9024F71E08BB44007DA525 /* Project object */;
}
